{
  "version": 4,
  "terraform_version": "0.15.1",
  "serial": 17,
  "lineage": "11c7c9cc-4003-61ce-bac0-58e2605c5577",
  "outputs": {
    "log_topic": {
      "value": {
        "id": "projects/swvl-sandbox/topics/ai-platform-log",
        "kms_key_name": "",
        "labels": {},
        "message_storage_policy": [],
        "name": "ai-platform-log",
        "project": "swvl-sandbox",
        "schema_settings": [],
        "timeouts": null
      },
      "type": [
        "object",
        {
          "id": "string",
          "kms_key_name": "string",
          "labels": [
            "map",
            "string"
          ],
          "message_storage_policy": [
            "list",
            [
              "object",
              {
                "allowed_persistence_regions": [
                  "list",
                  "string"
                ]
              }
            ]
          ],
          "name": "string",
          "project": "string",
          "schema_settings": [
            "list",
            [
              "object",
              {
                "encoding": "string",
                "schema": "string"
              }
            ]
          ],
          "timeouts": [
            "object",
            {
              "create": "string",
              "delete": "string",
              "update": "string"
            }
          ]
        }
      ]
    }
  },
  "resources": [
    {
      "mode": "data",
      "type": "archive_file",
      "name": "functions",
      "provider": "provider[\"registry.terraform.io/hashicorp/archive\"]",
      "instances": [
        {
          "schema_version": 0,
          "attributes": {
            "excludes": null,
            "id": "b5d8f8cc21c9d1e3b61d6181ed2398221aadd1c2",
            "output_base64sha256": "CKwYHKleYia8X8ZcA9XUO29t6rC9+3ECs7VqQ0xJkd0=",
            "output_file_mode": null,
            "output_md5": "64ea1d781cea998fb1466637d5166119",
            "output_path": "functions.zip",
            "output_sha": "b5d8f8cc21c9d1e3b61d6181ed2398221aadd1c2",
            "output_size": 14573,
            "source": [],
            "source_content": null,
            "source_content_filename": null,
            "source_dir": "./functions",
            "source_file": null,
            "type": "zip"
          },
          "sensitive_attributes": []
        }
      ]
    },
    {
      "mode": "managed",
      "type": "google_cloudfunctions_function",
      "name": "function",
      "provider": "provider[\"registry.terraform.io/hashicorp/google\"]",
      "instances": [
        {
          "status": "tainted",
          "schema_version": 0,
          "attributes": {
            "available_memory_mb": 128,
            "build_environment_variables": null,
            "description": "Cloud Functions to check AI Platform log messages.",
            "entry_point": "main",
            "environment_variables": null,
            "event_trigger": [
              {
                "event_type": "google.pubsub.topic.publish",
                "failure_policy": [],
                "resource": "projects/swvl-sandbox/topics/ai-platform-log"
              }
            ],
            "https_trigger_url": null,
            "id": "projects/swvl-sandbox/locations/us-east1/functions/ai-platform-notification",
            "ingress_settings": "ALLOW_ALL",
            "labels": null,
            "max_instances": 0,
            "name": "ai-platform-notification",
            "project": "swvl-sandbox",
            "region": "us-east1",
            "runtime": "python38",
            "service_account_email": null,
            "source_archive_bucket": "swvl-sandbox-ai-platform-notification",
            "source_archive_object": "64ea1d781cea998fb1466637d5166119.zip",
            "source_repository": [],
            "timeout": 60,
            "timeouts": null,
            "trigger_http": null,
            "vpc_connector": null,
            "vpc_connector_egress_settings": null
          },
          "sensitive_attributes": [],
          "private": "eyJlMmJmYjczMC1lY2FhLTExZTYtOGY4OC0zNDM2M2JjN2M0YzAiOnsiY3JlYXRlIjozMDAwMDAwMDAwMDAsImRlbGV0ZSI6MzAwMDAwMDAwMDAwLCJyZWFkIjozMDAwMDAwMDAwMDAsInVwZGF0ZSI6MzAwMDAwMDAwMDAwfX0=",
          "dependencies": [
            "data.archive_file.functions",
            "google_pubsub_topic.ai_platform_log",
            "google_storage_bucket.functions",
            "google_storage_bucket_object.functions"
          ]
        }
      ]
    },
    {
      "mode": "managed",
      "type": "google_logging_project_sink",
      "name": "ai_platform_log",
      "provider": "provider[\"registry.terraform.io/hashicorp/google\"]",
      "instances": [
        {
          "schema_version": 0,
          "attributes": {
            "bigquery_options": [],
            "description": "",
            "destination": "pubsub.googleapis.com/projects/swvl-sandbox/topics/ai-platform-log",
            "disabled": false,
            "exclusions": [],
            "filter": "resource.type=ml_job AND resource.labels.task_name=service",
            "id": "projects/swvl-sandbox/sinks/ai-platform-log",
            "name": "ai-platform-log",
            "project": "swvl-sandbox",
            "unique_writer_identity": true,
            "writer_identity": "serviceAccount:p818054538300-824162@gcp-sa-logging.iam.gserviceaccount.com"
          },
          "sensitive_attributes": [],
          "private": "bnVsbA==",
          "dependencies": [
            "google_pubsub_topic.ai_platform_log"
          ]
        }
      ]
    },
    {
      "mode": "managed",
      "type": "google_pubsub_topic",
      "name": "ai_platform_log",
      "provider": "provider[\"registry.terraform.io/hashicorp/google\"]",
      "instances": [
        {
          "schema_version": 0,
          "attributes": {
            "id": "projects/swvl-sandbox/topics/ai-platform-log",
            "kms_key_name": "",
            "labels": {},
            "message_storage_policy": [],
            "name": "ai-platform-log",
            "project": "swvl-sandbox",
            "schema_settings": [],
            "timeouts": null
          },
          "sensitive_attributes": [],
          "private": "eyJlMmJmYjczMC1lY2FhLTExZTYtOGY4OC0zNDM2M2JjN2M0YzAiOnsiY3JlYXRlIjozNjAwMDAwMDAwMDAsImRlbGV0ZSI6MjQwMDAwMDAwMDAwLCJ1cGRhdGUiOjM2MDAwMDAwMDAwMH19"
        }
      ]
    },
    {
      "mode": "managed",
      "type": "google_pubsub_topic_iam_member",
      "name": "log_sink_sa",
      "provider": "provider[\"registry.terraform.io/hashicorp/google\"]",
      "instances": [
        {
          "schema_version": 0,
          "attributes": {
            "condition": [],
            "etag": "BwXDF4mX7rk=",
            "id": "projects/swvl-sandbox/topics/ai-platform-log/roles/pubsub.publisher/serviceAccount:p818054538300-824162@gcp-sa-logging.iam.gserviceaccount.com",
            "member": "serviceAccount:p818054538300-824162@gcp-sa-logging.iam.gserviceaccount.com",
            "project": "swvl-sandbox",
            "role": "roles/pubsub.publisher",
            "topic": "projects/swvl-sandbox/topics/ai-platform-log"
          },
          "sensitive_attributes": [],
          "private": "bnVsbA==",
          "dependencies": [
            "google_pubsub_topic.ai_platform_log",
            "google_logging_project_sink.ai_platform_log"
          ]
        }
      ]
    },
    {
      "mode": "managed",
      "type": "google_storage_bucket",
      "name": "functions",
      "provider": "provider[\"registry.terraform.io/hashicorp/google\"]",
      "instances": [
        {
          "schema_version": 0,
          "attributes": {
            "bucket_policy_only": false,
            "cors": [],
            "default_event_based_hold": false,
            "encryption": [],
            "force_destroy": false,
            "id": "swvl-sandbox-ai-platform-notification",
            "labels": {},
            "lifecycle_rule": [],
            "location": "US-EAST1",
            "logging": [],
            "name": "swvl-sandbox-ai-platform-notification",
            "project": "swvl-sandbox",
            "requester_pays": false,
            "retention_policy": [],
            "self_link": "https://www.googleapis.com/storage/v1/b/swvl-sandbox-ai-platform-notification",
            "storage_class": "regional",
            "uniform_bucket_level_access": false,
            "url": "gs://swvl-sandbox-ai-platform-notification",
            "versioning": [],
            "website": []
          },
          "sensitive_attributes": [],
          "private": "bnVsbA=="
        }
      ]
    },
    {
      "mode": "managed",
      "type": "google_storage_bucket_object",
      "name": "functions",
      "provider": "provider[\"registry.terraform.io/hashicorp/google\"]",
      "instances": [
        {
          "schema_version": 0,
          "attributes": {
            "bucket": "swvl-sandbox-ai-platform-notification",
            "cache_control": "",
            "content": null,
            "content_disposition": "",
            "content_encoding": "",
            "content_language": "",
            "content_type": "application/zip",
            "crc32c": "qq/8UQ==",
            "detect_md5hash": "ZOodeBzqmY+xRmY31RZhGQ==",
            "id": "swvl-sandbox-ai-platform-notification-64ea1d781cea998fb1466637d5166119.zip",
            "kms_key_name": "",
            "md5hash": "ZOodeBzqmY+xRmY31RZhGQ==",
            "media_link": "https://storage.googleapis.com/download/storage/v1/b/swvl-sandbox-ai-platform-notification/o/64ea1d781cea998fb1466637d5166119.zip?generation=1621881083885872\u0026alt=media",
            "metadata": null,
            "name": "64ea1d781cea998fb1466637d5166119.zip",
            "output_name": "64ea1d781cea998fb1466637d5166119.zip",
            "self_link": "https://www.googleapis.com/storage/v1/b/swvl-sandbox-ai-platform-notification/o/64ea1d781cea998fb1466637d5166119.zip",
            "source": "functions.zip",
            "storage_class": "REGIONAL"
          },
          "sensitive_attributes": [],
          "private": "bnVsbA==",
          "dependencies": [
            "data.archive_file.functions",
            "google_storage_bucket.functions"
          ]
        }
      ]
    }
  ]
}
